
Microsoft Visual Studio Solution File, Format Version 12.00
# Visual Studio Version 17
VisualStudioVersion = 17.4.33403.182
MinimumVisualStudioVersion = 10.0.40219.1
Project("{FAE04EC0-301F-11D3-BF4B-00C04F79EFBC}") = "BookWormProject", "BookWormProject.csproj", "{DDFC3411-3604-43CD-800B-2F80CCD655B6}"
EndProject
Global
	GlobalSection(SolutionConfigurationPlatforms) = preSolution
		Debug|Any CPU = Debug|Any CPU
		Release|Any CPU = Release|Any CPU
	EndGlobalSection
	GlobalSection(ProjectConfigurationPlatforms) = postSolution
		{DDFC3411-3604-43CD-800B-2F80CCD655B6}.Debug|Any CPU.ActiveCfg = Debug|Any CPU
		{DDFC3411-3604-43CD-800B-2F80CCD655B6}.Debug|Any CPU.Build.0 = Debug|Any CPU
		{DDFC3411-3604-43CD-800B-2F80CCD655B6}.Release|Any CPU.ActiveCfg = Release|Any CPU
		{DDFC3411-3604-43CD-800B-2F80CCD655B6}.Release|Any CPU.Build.0 = Release|Any CPU
	EndGlobalSection
	GlobalSection(SolutionProperties) = preSolution
		HideSolutionNode = FALSE
	EndGlobalSection
	GlobalSection(ExtensibilityGlobals) = postSolution
		SolutionGuid = {FD912F22-A760-477E-9119-2653CB9289D1}
	EndGlobalSection
EndGlobal
